
Microsoft Visual Studio Solution File, Format Version 12.00
# Visual Studio Version 18
VisualStudioVersion = 18.5.11723.231
MinimumVisualStudioVersion = 10.0.40219.1
Project("{FAE04EC0-301F-11D3-BF4B-00C04F79EFBC}") = "DjApplication3.WinUI", "DjApplication3.WinUI\DjApplication3.WinUI.csproj", "{82136EB1-8809-4576-AE2D-8EC2EBA88F74}"
EndProject
Project("{FAE04EC0-301F-11D3-BF4B-00C04F79EFBC}") = "DjApplication3.Core", "DjApplication3.Core\DjApplication3.Core.csproj", "{BE169E8B-0786-4230-A546-DCDC71E1D1E1}"
EndProject
Global
	GlobalSection(SolutionConfigurationPlatforms) = preSolution
		Debug|Any CPU = Debug|Any CPU
		Debug|x64 = Debug|x64
		Debug|x86 = Debug|x86
		Release|Any CPU = Release|Any CPU
		Release|x64 = Release|x64
		Release|x86 = Release|x86
	EndGlobalSection
	GlobalSection(ProjectConfigurationPlatforms) = postSolution
		{82136EB1-8809-4576-AE2D-8EC2EBA88F74}.Debug|Any CPU.ActiveCfg = Debug|Any CPU
		{82136EB1-8809-4576-AE2D-8EC2EBA88F74}.Debug|Any CPU.Build.0 = Debug|Any CPU
		{82136EB1-8809-4576-AE2D-8EC2EBA88F74}.Debug|x64.ActiveCfg = Debug|Any CPU
		{82136EB1-8809-4576-AE2D-8EC2EBA88F74}.Debug|x64.Build.0 = Debug|Any CPU
		{82136EB1-8809-4576-AE2D-8EC2EBA88F74}.Debug|x86.ActiveCfg = Debug|Any CPU
		{82136EB1-8809-4576-AE2D-8EC2EBA88F74}.Debug|x86.Build.0 = Debug|Any CPU
		{82136EB1-8809-4576-AE2D-8EC2EBA88F74}.Release|Any CPU.ActiveCfg = Release|Any CPU
		{82136EB1-8809-4576-AE2D-8EC2EBA88F74}.Release|Any CPU.Build.0 = Release|Any CPU
		{82136EB1-8809-4576-AE2D-8EC2EBA88F74}.Release|x64.ActiveCfg = Release|Any CPU
		{82136EB1-8809-4576-AE2D-8EC2EBA88F74}.Release|x64.Build.0 = Release|Any CPU
		{82136EB1-8809-4576-AE2D-8EC2EBA88F74}.Release|x86.ActiveCfg = Release|Any CPU
		{82136EB1-8809-4576-AE2D-8EC2EBA88F74}.Release|x86.Build.0 = Release|Any CPU
		{BE169E8B-0786-4230-A546-DCDC71E1D1E1}.Debug|Any CPU.ActiveCfg = Debug|Any CPU
		{BE169E8B-0786-4230-A546-DCDC71E1D1E1}.Debug|Any CPU.Build.0 = Debug|Any CPU
		{BE169E8B-0786-4230-A546-DCDC71E1D1E1}.Debug|x64.ActiveCfg = Debug|Any CPU
		{BE169E8B-0786-4230-A546-DCDC71E1D1E1}.Debug|x64.Build.0 = Debug|Any CPU
		{BE169E8B-0786-4230-A546-DCDC71E1D1E1}.Debug|x86.ActiveCfg = Debug|Any CPU
		{BE169E8B-0786-4230-A546-DCDC71E1D1E1}.Debug|x86.Build.0 = Debug|Any CPU
		{BE169E8B-0786-4230-A546-DCDC71E1D1E1}.Release|Any CPU.ActiveCfg = Release|Any CPU
		{BE169E8B-0786-4230-A546-DCDC71E1D1E1}.Release|Any CPU.Build.0 = Release|Any CPU
		{BE169E8B-0786-4230-A546-DCDC71E1D1E1}.Release|x64.ActiveCfg = Release|Any CPU
		{BE169E8B-0786-4230-A546-DCDC71E1D1E1}.Release|x64.Build.0 = Release|Any CPU
		{BE169E8B-0786-4230-A546-DCDC71E1D1E1}.Release|x86.ActiveCfg = Release|Any CPU
		{BE169E8B-0786-4230-A546-DCDC71E1D1E1}.Release|x86.Build.0 = Release|Any CPU
	EndGlobalSection
	GlobalSection(SolutionProperties) = preSolution
		HideSolutionNode = FALSE
	EndGlobalSection
	GlobalSection(ExtensibilityGlobals) = postSolution
		SolutionGuid = {0B7D80CC-C457-48D0-A5E3-8CB61F1E0525}
	EndGlobalSection
EndGlobal
