
Microsoft Visual Studio Solution File, Format Version 12.00
# Visual Studio Version 17
VisualStudioVersion = 17.7.34003.232
MinimumVisualStudioVersion = 10.0.40219.1
Project("{9A19103F-16F7-4668-BE54-9A1E7A4F7556}") = "DjApplication3", "DjApplication3\DjApplication3.csproj", "{BC7D510B-DAA4-43B1-A111-60983D213505}"
EndProject
Project("{54435603-DBB4-11D2-8724-00A0C9A8B90C}") = "Setup", "Setup\Setup.vdproj", "{19938A90-D8D4-43EF-86AC-9DC0E64F0CCD}"
EndProject
Global
	GlobalSection(SolutionConfigurationPlatforms) = preSolution
		Debug|Any CPU = Debug|Any CPU
		Release|Any CPU = Release|Any CPU
	EndGlobalSection
	GlobalSection(ProjectConfigurationPlatforms) = postSolution
		{BC7D510B-DAA4-43B1-A111-60983D213505}.Debug|Any CPU.ActiveCfg = Debug|Any CPU
		{BC7D510B-DAA4-43B1-A111-60983D213505}.Debug|Any CPU.Build.0 = Debug|Any CPU
		{BC7D510B-DAA4-43B1-A111-60983D213505}.Release|Any CPU.ActiveCfg = Release|Any CPU
		{BC7D510B-DAA4-43B1-A111-60983D213505}.Release|Any CPU.Build.0 = Release|Any CPU
		{19938A90-D8D4-43EF-86AC-9DC0E64F0CCD}.Debug|Any CPU.ActiveCfg = Debug
		{19938A90-D8D4-43EF-86AC-9DC0E64F0CCD}.Release|Any CPU.ActiveCfg = Release
	EndGlobalSection
	GlobalSection(SolutionProperties) = preSolution
		HideSolutionNode = FALSE
	EndGlobalSection
	GlobalSection(ExtensibilityGlobals) = postSolution
		SolutionGuid = {0B7D80CC-C457-48D0-A5E3-8CB61F1E0525}
	EndGlobalSection
EndGlobal
